
Microsoft Visual Studio Solution File, Format Version 12.00
# Visual Studio Version 16
VisualStudioVersion = 16.0.29613.14
MinimumVisualStudioVersion = 10.0.40219.1
Project("{9092AA53-FB77-4645-B42D-1CCCA6BD08BD}") = "BroadCastConnect", "BroadCastConnect.njsproj", "{56168EF4-0E63-4863-8720-EFDA867229CD}"
EndProject
Global
	GlobalSection(SolutionConfigurationPlatforms) = preSolution
		Debug|Any CPU = Debug|Any CPU
		Release|Any CPU = Release|Any CPU
	EndGlobalSection
	GlobalSection(ProjectConfigurationPlatforms) = postSolution
		{56168EF4-0E63-4863-8720-EFDA867229CD}.Debug|Any CPU.ActiveCfg = Debug|Any CPU
		{56168EF4-0E63-4863-8720-EFDA867229CD}.Debug|Any CPU.Build.0 = Debug|Any CPU
		{56168EF4-0E63-4863-8720-EFDA867229CD}.Release|Any CPU.ActiveCfg = Release|Any CPU
		{56168EF4-0E63-4863-8720-EFDA867229CD}.Release|Any CPU.Build.0 = Release|Any CPU
	EndGlobalSection
	GlobalSection(SolutionProperties) = preSolution
		HideSolutionNode = FALSE
	EndGlobalSection
	GlobalSection(ExtensibilityGlobals) = postSolution
		SolutionGuid = {E7DACCA2-F229-4D3F-B7EA-516D695533DE}
	EndGlobalSection
EndGlobal
